
Microsoft Visual Studio Solution File, Format Version 12.00
# Visual Studio Version 16
VisualStudioVersion = 16.0.809.2
MinimumVisualStudioVersion = 10.0.40219.1
Project("{FAE04EC0-301F-11D3-BF4B-00C04F79EFBC}") = "NumberGuesser", "NumberGuesser\NumberGuesser.csproj", "{66AC3C3B-08CF-46DC-902B-5942F4A85421}"
EndProject
Global
	GlobalSection(SolutionConfigurationPlatforms) = preSolution
		Debug|Any CPU = Debug|Any CPU
		Release|Any CPU = Release|Any CPU
	EndGlobalSection
	GlobalSection(ProjectConfigurationPlatforms) = postSolution
		{66AC3C3B-08CF-46DC-902B-5942F4A85421}.Debug|Any CPU.ActiveCfg = Debug|Any CPU
		{66AC3C3B-08CF-46DC-902B-5942F4A85421}.Debug|Any CPU.Build.0 = Debug|Any CPU
		{66AC3C3B-08CF-46DC-902B-5942F4A85421}.Release|Any CPU.ActiveCfg = Release|Any CPU
		{66AC3C3B-08CF-46DC-902B-5942F4A85421}.Release|Any CPU.Build.0 = Release|Any CPU
	EndGlobalSection
	GlobalSection(SolutionProperties) = preSolution
		HideSolutionNode = FALSE
	EndGlobalSection
	GlobalSection(ExtensibilityGlobals) = postSolution
		SolutionGuid = {49D95252-2E2F-45B6-A9E3-F6AC6016E135}
	EndGlobalSection
EndGlobal
